// !$*UTF8*$!
{
	archiveVersion = 1;
	classes = {
	};
	objectVersion = 50;
	objects = {

/* Begin PBXBuildFile section */
		72114D0323FC26DD007BF7BC /* AppDelegate.swift in Sources */ = {isa = PBXBuildFile; fileRef = 72114D0223FC26DD007BF7BC /* AppDelegate.swift */; };
		72114D0523FC26DD007BF7BC /* SceneDelegate.swift in Sources */ = {isa = PBXBuildFile; fileRef = 72114D0423FC26DD007BF7BC /* SceneDelegate.swift */; };
		72114D0723FC26DD007BF7BC /* ViewController.swift in Sources */ = {isa = PBXBuildFile; fileRef = 72114D0623FC26DD007BF7BC /* ViewController.swift */; };
		72114D0A23FC26DD007BF7BC /* Main.storyboard in Resources */ = {isa = PBXBuildFile; fileRef = 72114D0823FC26DD007BF7BC /* Main.storyboard */; };
		72114D0C23FC26E5007BF7BC /* Assets.xcassets in Resources */ = {isa = PBXBuildFile; fileRef = 72114D0B23FC26E5007BF7BC /* Assets.xcassets */; };
		72114D0F23FC26E5007BF7BC /* LaunchScreen.storyboard in Resources */ = {isa = PBXBuildFile; fileRef = 72114D0D23FC26E5007BF7BC /* LaunchScreen.storyboard */; };
		729BAE6D23FD851E00F3610E /* ViewControllerRouter.swift in Sources */ = {isa = PBXBuildFile; fileRef = 729BAE6C23FD851E00F3610E /* ViewControllerRouter.swift */; };
		72BF6DC223FC28F7008338BC /* User.swift in Sources */ = {isa = PBXBuildFile; fileRef = 72BF6DC123FC28F6008338BC /* User.swift */; };
		72BF6DC423FC2AC0008338BC /* data.json in Resources */ = {isa = PBXBuildFile; fileRef = 72BF6DC323FC2AC0008338BC /* data.json */; };
		72BF6DC623FC2C1C008338BC /* ViewControllerVM.swift in Sources */ = {isa = PBXBuildFile; fileRef = 72BF6DC523FC2C1C008338BC /* ViewControllerVM.swift */; };
		72BF6DCA23FC3240008338BC /* HYTableViewCell.swift in Sources */ = {isa = PBXBuildFile; fileRef = 72BF6DC823FC3240008338BC /* HYTableViewCell.swift */; };
		72BF6DCB23FC3240008338BC /* HYTableViewCell.xib in Resources */ = {isa = PBXBuildFile; fileRef = 72BF6DC923FC3240008338BC /* HYTableViewCell.xib */; };
		72BF6DCD23FC333C008338BC /* UIColor+Extension.swift in Sources */ = {isa = PBXBuildFile; fileRef = 72BF6DCC23FC333C008338BC /* UIColor+Extension.swift */; };
		72BF6DCF23FC33D7008338BC /* ColorConstant.swift in Sources */ = {isa = PBXBuildFile; fileRef = 72BF6DCE23FC33D7008338BC /* ColorConstant.swift */; };
		72BF6DD123FC350B008338BC /* HYTableViewCellVM.swift in Sources */ = {isa = PBXBuildFile; fileRef = 72BF6DD023FC350B008338BC /* HYTableViewCellVM.swift */; };
/* End PBXBuildFile section */

/* Begin PBXFileReference section */
		72114CFF23FC26DD007BF7BC /* Boost.app */ = {isa = PBXFileReference; explicitFileType = wrapper.application; includeInIndex = 0; path = Boost.app; sourceTree = BUILT_PRODUCTS_DIR; };
		72114D0223FC26DD007BF7BC /* AppDelegate.swift */ = {isa = PBXFileReference; lastKnownFileType = sourcecode.swift; path = AppDelegate.swift; sourceTree = "<group>"; };
		72114D0423FC26DD007BF7BC /* SceneDelegate.swift */ = {isa = PBXFileReference; lastKnownFileType = sourcecode.swift; path = SceneDelegate.swift; sourceTree = "<group>"; };
		72114D0623FC26DD007BF7BC /* ViewController.swift */ = {isa = PBXFileReference; lastKnownFileType = sourcecode.swift; path = ViewController.swift; sourceTree = "<group>"; };
		72114D0923FC26DD007BF7BC /* Base */ = {isa = PBXFileReference; lastKnownFileType = file.storyboard; name = Base; path = Base.lproj/Main.storyboard; sourceTree = "<group>"; };
		72114D0B23FC26E5007BF7BC /* Assets.xcassets */ = {isa = PBXFileReference; lastKnownFileType = folder.assetcatalog; path = Assets.xcassets; sourceTree = "<group>"; };
		72114D0E23FC26E5007BF7BC /* Base */ = {isa = PBXFileReference; lastKnownFileType = file.storyboard; name = Base; path = Base.lproj/LaunchScreen.storyboard; sourceTree = "<group>"; };
		72114D1023FC26E5007BF7BC /* Info.plist */ = {isa = PBXFileReference; lastKnownFileType = text.plist.xml; path = Info.plist; sourceTree = "<group>"; };
		729BAE6C23FD851E00F3610E /* ViewControllerRouter.swift */ = {isa = PBXFileReference; lastKnownFileType = sourcecode.swift; path = ViewControllerRouter.swift; sourceTree = "<group>"; };
		72BF6DC123FC28F6008338BC /* User.swift */ = {isa = PBXFileReference; lastKnownFileType = sourcecode.swift; path = User.swift; sourceTree = "<group>"; };
		72BF6DC323FC2AC0008338BC /* data.json */ = {isa = PBXFileReference; fileEncoding = 4; lastKnownFileType = text.json; path = data.json; sourceTree = "<group>"; };
		72BF6DC523FC2C1C008338BC /* ViewControllerVM.swift */ = {isa = PBXFileReference; lastKnownFileType = sourcecode.swift; path = ViewControllerVM.swift; sourceTree = "<group>"; };
		72BF6DC823FC3240008338BC /* HYTableViewCell.swift */ = {isa = PBXFileReference; lastKnownFileType = sourcecode.swift; path = HYTableViewCell.swift; sourceTree = "<group>"; };
		72BF6DC923FC3240008338BC /* HYTableViewCell.xib */ = {isa = PBXFileReference; lastKnownFileType = file.xib; path = HYTableViewCell.xib; sourceTree = "<group>"; };
		72BF6DCC23FC333C008338BC /* UIColor+Extension.swift */ = {isa = PBXFileReference; lastKnownFileType = sourcecode.swift; path = "UIColor+Extension.swift"; sourceTree = "<group>"; };
		72BF6DCE23FC33D7008338BC /* ColorConstant.swift */ = {isa = PBXFileReference; lastKnownFileType = sourcecode.swift; path = ColorConstant.swift; sourceTree = "<group>"; };
		72BF6DD023FC350B008338BC /* HYTableViewCellVM.swift */ = {isa = PBXFileReference; lastKnownFileType = sourcecode.swift; path = HYTableViewCellVM.swift; sourceTree = "<group>"; };
/* End PBXFileReference section */

/* Begin PBXFrameworksBuildPhase section */
		72114CFC23FC26DD007BF7BC /* Frameworks */ = {
			isa = PBXFrameworksBuildPhase;
			buildActionMask = 2147483647;
			files = (
			);
			runOnlyForDeploymentPostprocessing = 0;
		};
/* End PBXFrameworksBuildPhase section */

/* Begin PBXGroup section */
		72114CF623FC26DD007BF7BC = {
			isa = PBXGroup;
			children = (
				72114D0123FC26DD007BF7BC /* Boost */,
				72114D0023FC26DD007BF7BC /* Products */,
			);
			sourceTree = "<group>";
		};
		72114D0023FC26DD007BF7BC /* Products */ = {
			isa = PBXGroup;
			children = (
				72114CFF23FC26DD007BF7BC /* Boost.app */,
			);
			name = Products;
			sourceTree = "<group>";
		};
		72114D0123FC26DD007BF7BC /* Boost */ = {
			isa = PBXGroup;
			children = (
				729BAE6A23FD74B700F3610E /* ViewController */,
				729BAE6923FD74A400F3610E /* Settings */,
				729BAE6823FD747F00F3610E /* Extension */,
				729BAE6723FD746E00F3610E /* Constant */,
				72BF6DC723FC3224008338BC /* TableViewCell */,
				72BF6DC323FC2AC0008338BC /* data.json */,
				72114D0B23FC26E5007BF7BC /* Assets.xcassets */,
			);
			path = Boost;
			sourceTree = "<group>";
		};
		729BAE6723FD746E00F3610E /* Constant */ = {
			isa = PBXGroup;
			children = (
				72BF6DCE23FC33D7008338BC /* ColorConstant.swift */,
			);
			path = Constant;
			sourceTree = "<group>";
		};
		729BAE6823FD747F00F3610E /* Extension */ = {
			isa = PBXGroup;
			children = (
				72BF6DCC23FC333C008338BC /* UIColor+Extension.swift */,
			);
			path = Extension;
			sourceTree = "<group>";
		};
		729BAE6923FD74A400F3610E /* Settings */ = {
			isa = PBXGroup;
			children = (
				72114D0D23FC26E5007BF7BC /* LaunchScreen.storyboard */,
				72114D0223FC26DD007BF7BC /* AppDelegate.swift */,
				72114D0423FC26DD007BF7BC /* SceneDelegate.swift */,
				72114D1023FC26E5007BF7BC /* Info.plist */,
			);
			path = Settings;
			sourceTree = "<group>";
		};
		729BAE6A23FD74B700F3610E /* ViewController */ = {
			isa = PBXGroup;
			children = (
				72114D0623FC26DD007BF7BC /* ViewController.swift */,
				72114D0823FC26DD007BF7BC /* Main.storyboard */,
				72BF6DC123FC28F6008338BC /* User.swift */,
				72BF6DC523FC2C1C008338BC /* ViewControllerVM.swift */,
				729BAE6C23FD851E00F3610E /* ViewControllerRouter.swift */,
			);
			path = ViewController;
			sourceTree = "<group>";
		};
		72BF6DC723FC3224008338BC /* TableViewCell */ = {
			isa = PBXGroup;
			children = (
				72BF6DC823FC3240008338BC /* HYTableViewCell.swift */,
				72BF6DC923FC3240008338BC /* HYTableViewCell.xib */,
				72BF6DD023FC350B008338BC /* HYTableViewCellVM.swift */,
			);
			path = TableViewCell;
			sourceTree = "<group>";
		};
/* End PBXGroup section */

/* Begin PBXNativeTarget section */
		72114CFE23FC26DD007BF7BC /* Boost */ = {
			isa = PBXNativeTarget;
			buildConfigurationList = 72114D1323FC26E5007BF7BC /* Build configuration list for PBXNativeTarget "Boost" */;
			buildPhases = (
				72114CFB23FC26DD007BF7BC /* Sources */,
				72114CFC23FC26DD007BF7BC /* Frameworks */,
				72114CFD23FC26DD007BF7BC /* Resources */,
			);
			buildRules = (
			);
			dependencies = (
			);
			name = Boost;
			productName = Boost;
			productReference = 72114CFF23FC26DD007BF7BC /* Boost.app */;
			productType = "com.apple.product-type.application";
		};
/* End PBXNativeTarget section */

/* Begin PBXProject section */
		72114CF723FC26DD007BF7BC /* Project object */ = {
			isa = PBXProject;
			attributes = {
				LastSwiftUpdateCheck = 1120;
				LastUpgradeCheck = 1120;
				ORGANIZATIONNAME = Abao;
				TargetAttributes = {
					72114CFE23FC26DD007BF7BC = {
						CreatedOnToolsVersion = 11.2.1;
					};
				};
			};
			buildConfigurationList = 72114CFA23FC26DD007BF7BC /* Build configuration list for PBXProject "Boost" */;
			compatibilityVersion = "Xcode 9.3";
			developmentRegion = en;
			hasScannedForEncodings = 0;
			knownRegions = (
				en,
				Base,
			);
			mainGroup = 72114CF623FC26DD007BF7BC;
			productRefGroup = 72114D0023FC26DD007BF7BC /* Products */;
			projectDirPath = "";
			projectRoot = "";
			targets = (
				72114CFE23FC26DD007BF7BC /* Boost */,
			);
		};
/* End PBXProject section */

/* Begin PBXResourcesBuildPhase section */
		72114CFD23FC26DD007BF7BC /* Resources */ = {
			isa = PBXResourcesBuildPhase;
			buildActionMask = 2147483647;
			files = (
				72114D0F23FC26E5007BF7BC /* LaunchScreen.storyboard in Resources */,
				72BF6DCB23FC3240008338BC /* HYTableViewCell.xib in Resources */,
				72114D0C23FC26E5007BF7BC /* Assets.xcassets in Resources */,
				72114D0A23FC26DD007BF7BC /* Main.storyboard in Resources */,
				72BF6DC423FC2AC0008338BC /* data.json in Resources */,
			);
			runOnlyForDeploymentPostprocessing = 0;
		};
/* End PBXResourcesBuildPhase section */

/* Begin PBXSourcesBuildPhase section */
		72114CFB23FC26DD007BF7BC /* Sources */ = {
			isa = PBXSourcesBuildPhase;
			buildActionMask = 2147483647;
			files = (
				72BF6DD123FC350B008338BC /* HYTableViewCellVM.swift in Sources */,
				729BAE6D23FD851E00F3610E /* ViewControllerRouter.swift in Sources */,
				72BF6DCD23FC333C008338BC /* UIColor+Extension.swift in Sources */,
				72BF6DC223FC28F7008338BC /* User.swift in Sources */,
				72114D0723FC26DD007BF7BC /* ViewController.swift in Sources */,
				72BF6DC623FC2C1C008338BC /* ViewControllerVM.swift in Sources */,
				72114D0323FC26DD007BF7BC /* AppDelegate.swift in Sources */,
				72114D0523FC26DD007BF7BC /* SceneDelegate.swift in Sources */,
				72BF6DCA23FC3240008338BC /* HYTableViewCell.swift in Sources */,
				72BF6DCF23FC33D7008338BC /* ColorConstant.swift in Sources */,
			);
			runOnlyForDeploymentPostprocessing = 0;
		};
/* End PBXSourcesBuildPhase section */

/* Begin PBXVariantGroup section */
		72114D0823FC26DD007BF7BC /* Main.storyboard */ = {
			isa = PBXVariantGroup;
			children = (
				72114D0923FC26DD007BF7BC /* Base */,
			);
			name = Main.storyboard;
			sourceTree = "<group>";
		};
		72114D0D23FC26E5007BF7BC /* LaunchScreen.storyboard */ = {
			isa = PBXVariantGroup;
			children = (
				72114D0E23FC26E5007BF7BC /* Base */,
			);
			name = LaunchScreen.storyboard;
			sourceTree = "<group>";
		};
/* End PBXVariantGroup section */

/* Begin XCBuildConfiguration section */
		72114D1123FC26E5007BF7BC /* Debug */ = {
			isa = XCBuildConfiguration;
			buildSettings = {
				ALWAYS_SEARCH_USER_PATHS = NO;
				CLANG_ANALYZER_NONNULL = YES;
				CLANG_ANALYZER_NUMBER_OBJECT_CONVERSION = YES_AGGRESSIVE;
				CLANG_CXX_LANGUAGE_STANDARD = "gnu++14";
				CLANG_CXX_LIBRARY = "libc++";
				CLANG_ENABLE_MODULES = YES;
				CLANG_ENABLE_OBJC_ARC = YES;
				CLANG_ENABLE_OBJC_WEAK = YES;
				CLANG_WARN_BLOCK_CAPTURE_AUTORELEASING = YES;
				CLANG_WARN_BOOL_CONVERSION = YES;
				CLANG_WARN_COMMA = YES;
				CLANG_WARN_CONSTANT_CONVERSION = YES;
				CLANG_WARN_DEPRECATED_OBJC_IMPLEMENTATIONS = YES;
				CLANG_WARN_DIRECT_OBJC_ISA_USAGE = YES_ERROR;
				CLANG_WARN_DOCUMENTATION_COMMENTS = YES;
				CLANG_WARN_EMPTY_BODY = YES;
				CLANG_WARN_ENUM_CONVERSION = YES;
				CLANG_WARN_INFINITE_RECURSION = YES;
				CLANG_WARN_INT_CONVERSION = YES;
				CLANG_WARN_NON_LITERAL_NULL_CONVERSION = YES;
				CLANG_WARN_OBJC_IMPLICIT_RETAIN_SELF = YES;
				CLANG_WARN_OBJC_LITERAL_CONVERSION = YES;
				CLANG_WARN_OBJC_ROOT_CLASS = YES_ERROR;
				CLANG_WARN_RANGE_LOOP_ANALYSIS = YES;
				CLANG_WARN_STRICT_PROTOTYPES = YES;
				CLANG_WARN_SUSPICIOUS_MOVE = YES;
				CLANG_WARN_UNGUARDED_AVAILABILITY = YES_AGGRESSIVE;
				CLANG_WARN_UNREACHABLE_CODE = YES;
				CLANG_WARN__DUPLICATE_METHOD_MATCH = YES;
				COPY_PHASE_STRIP = NO;
				DEBUG_INFORMATION_FORMAT = dwarf;
				ENABLE_STRICT_OBJC_MSGSEND = YES;
				ENABLE_TESTABILITY = YES;
				GCC_C_LANGUAGE_STANDARD = gnu11;
				GCC_DYNAMIC_NO_PIC = NO;
				GCC_NO_COMMON_BLOCKS = YES;
				GCC_OPTIMIZATION_LEVEL = 0;
				GCC_PREPROCESSOR_DEFINITIONS = (
					"DEBUG=1",
					"$(inherited)",
				);
				GCC_WARN_64_TO_32_BIT_CONVERSION = YES;
				GCC_WARN_ABOUT_RETURN_TYPE = YES_ERROR;
				GCC_WARN_UNDECLARED_SELECTOR = YES;
				GCC_WARN_UNINITIALIZED_AUTOS = YES_AGGRESSIVE;
				GCC_WARN_UNUSED_FUNCTION = YES;
				GCC_WARN_UNUSED_VARIABLE = YES;
				IPHONEOS_DEPLOYMENT_TARGET = 13.2;
				MTL_ENABLE_DEBUG_INFO = INCLUDE_SOURCE;
				MTL_FAST_MATH = YES;
				ONLY_ACTIVE_ARCH = YES;
				SDKROOT = iphoneos;
				SWIFT_ACTIVE_COMPILATION_CONDITIONS = DEBUG;
				SWIFT_OPTIMIZATION_LEVEL = "-Onone";
			};
			name = Debug;
		};
		72114D1223FC26E5007BF7BC /* Release */ = {
			isa = XCBuildConfiguration;
			buildSettings = {
				ALWAYS_SEARCH_USER_PATHS = NO;
				CLANG_ANALYZER_NONNULL = YES;
				CLANG_ANALYZER_NUMBER_OBJECT_CONVERSION = YES_AGGRESSIVE;
				CLANG_CXX_LANGUAGE_STANDARD = "gnu++14";
				CLANG_CXX_LIBRARY = "libc++";
				CLANG_ENABLE_MODULES = YES;
				CLANG_ENABLE_OBJC_ARC = YES;
				CLANG_ENABLE_OBJC_WEAK = YES;
				CLANG_WARN_BLOCK_CAPTURE_AUTORELEASING = YES;
				CLANG_WARN_BOOL_CONVERSION = YES;
				CLANG_WARN_COMMA = YES;
				CLANG_WARN_CONSTANT_CONVERSION = YES;
				CLANG_WARN_DEPRECATED_OBJC_IMPLEMENTATIONS = YES;
				CLANG_WARN_DIRECT_OBJC_ISA_USAGE = YES_ERROR;
				CLANG_WARN_DOCUMENTATION_COMMENTS = YES;
				CLANG_WARN_EMPTY_BODY = YES;
				CLANG_WARN_ENUM_CONVERSION = YES;
				CLANG_WARN_INFINITE_RECURSION = YES;
				CLANG_WARN_INT_CONVERSION = YES;
				CLANG_WARN_NON_LITERAL_NULL_CONVERSION = YES;
				CLANG_WARN_OBJC_IMPLICIT_RETAIN_SELF = YES;
				CLANG_WARN_OBJC_LITERAL_CONVERSION = YES;
				CLANG_WARN_OBJC_ROOT_CLASS = YES_ERROR;
				CLANG_WARN_RANGE_LOOP_ANALYSIS = YES;
				CLANG_WARN_STRICT_PROTOTYPES = YES;
				CLANG_WARN_SUSPICIOUS_MOVE = YES;
				CLANG_WARN_UNGUARDED_AVAILABILITY = YES_AGGRESSIVE;
				CLANG_WARN_UNREACHABLE_CODE = YES;
				CLANG_WARN__DUPLICATE_METHOD_MATCH = YES;
				COPY_PHASE_STRIP = NO;
				DEBUG_INFORMATION_FORMAT = "dwarf-with-dsym";
				ENABLE_NS_ASSERTIONS = NO;
				ENABLE_STRICT_OBJC_MSGSEND = YES;
				GCC_C_LANGUAGE_STANDARD = gnu11;
				GCC_NO_COMMON_BLOCKS = YES;
				GCC_WARN_64_TO_32_BIT_CONVERSION = YES;
				GCC_WARN_ABOUT_RETURN_TYPE = YES_ERROR;
				GCC_WARN_UNDECLARED_SELECTOR = YES;
				GCC_WARN_UNINITIALIZED_AUTOS = YES_AGGRESSIVE;
				GCC_WARN_UNUSED_FUNCTION = YES;
				GCC_WARN_UNUSED_VARIABLE = YES;
				IPHONEOS_DEPLOYMENT_TARGET = 13.2;
				MTL_ENABLE_DEBUG_INFO = NO;
				MTL_FAST_MATH = YES;
				SDKROOT = iphoneos;
				SWIFT_COMPILATION_MODE = wholemodule;
				SWIFT_OPTIMIZATION_LEVEL = "-O";
				VALIDATE_PRODUCT = YES;
			};
			name = Release;
		};
		72114D1423FC26E5007BF7BC /* Debug */ = {
			isa = XCBuildConfiguration;
			buildSettings = {
				ASSETCATALOG_COMPILER_APPICON_NAME = AppIcon;
				CODE_SIGN_STYLE = Automatic;
				DEVELOPMENT_TEAM = 2HNASAFU2S;
				INFOPLIST_FILE = Boost/Settings/Info.plist;
				LD_RUNPATH_SEARCH_PATHS = (
					"$(inherited)",
					"@executable_path/Frameworks",
				);
				PRODUCT_BUNDLE_IDENTIFIER = com.abao.Boost;
				PRODUCT_NAME = "$(TARGET_NAME)";
				SWIFT_VERSION = 5.0;
				TARGETED_DEVICE_FAMILY = "1,2";
			};
			name = Debug;
		};
		72114D1523FC26E5007BF7BC /* Release */ = {
			isa = XCBuildConfiguration;
			buildSettings = {
				ASSETCATALOG_COMPILER_APPICON_NAME = AppIcon;
				CODE_SIGN_STYLE = Automatic;
				DEVELOPMENT_TEAM = 2HNASAFU2S;
				INFOPLIST_FILE = Boost/Settings/Info.plist;
				LD_RUNPATH_SEARCH_PATHS = (
					"$(inherited)",
					"@executable_path/Frameworks",
				);
				PRODUCT_BUNDLE_IDENTIFIER = com.abao.Boost;
				PRODUCT_NAME = "$(TARGET_NAME)";
				SWIFT_VERSION = 5.0;
				TARGETED_DEVICE_FAMILY = "1,2";
			};
			name = Release;
		};
/* End XCBuildConfiguration section */

/* Begin XCConfigurationList section */
		72114CFA23FC26DD007BF7BC /* Build configuration list for PBXProject "Boost" */ = {
			isa = XCConfigurationList;
			buildConfigurations = (
				72114D1123FC26E5007BF7BC /* Debug */,
				72114D1223FC26E5007BF7BC /* Release */,
			);
			defaultConfigurationIsVisible = 0;
			defaultConfigurationName = Release;
		};
		72114D1323FC26E5007BF7BC /* Build configuration list for PBXNativeTarget "Boost" */ = {
			isa = XCConfigurationList;
			buildConfigurations = (
				72114D1423FC26E5007BF7BC /* Debug */,
				72114D1523FC26E5007BF7BC /* Release */,
			);
			defaultConfigurationIsVisible = 0;
			defaultConfigurationName = Release;
		};
/* End XCConfigurationList section */
	};
	rootObject = 72114CF723FC26DD007BF7BC /* Project object */;
}
